
Microsoft Visual Studio Solution File, Format Version 11.00
# Visual Studio 2010
Project("{FAE04EC0-301F-11D3-BF4B-00C04F79EFBC}") = "MyTasque", "MyTasque\MyTasque.csproj", "{AD2328DA-078F-44B8-8B24-BEA793774204}"
EndProject
Project("{FAE04EC0-301F-11D3-BF4B-00C04F79EFBC}") = "MyTasque.Lib", "..\MyTasque.Lib\MyTasque.Lib.csproj", "{EA808514-0342-4405-85E1-9DC7F1C69BE9}"
EndProject
Project("{FAE04EC0-301F-11D3-BF4B-00C04F79EFBC}") = "MyTasque.Backends", "..\MyTasque.Backends\MyTasque.Backends.csproj", "{4E7E4358-BF03-4B38-AF25-97EAF96E4849}"
EndProject
Global
	GlobalSection(SolutionConfigurationPlatforms) = preSolution
		Debug|Any CPU = Debug|Any CPU
		Release|Any CPU = Release|Any CPU
	EndGlobalSection
	GlobalSection(ProjectConfigurationPlatforms) = postSolution
		{4E7E4358-BF03-4B38-AF25-97EAF96E4849}.Debug|Any CPU.ActiveCfg = Debug|Any CPU
		{4E7E4358-BF03-4B38-AF25-97EAF96E4849}.Debug|Any CPU.Build.0 = Debug|Any CPU
		{4E7E4358-BF03-4B38-AF25-97EAF96E4849}.Release|Any CPU.ActiveCfg = Release|Any CPU
		{4E7E4358-BF03-4B38-AF25-97EAF96E4849}.Release|Any CPU.Build.0 = Release|Any CPU
		{AD2328DA-078F-44B8-8B24-BEA793774204}.Debug|Any CPU.ActiveCfg = Debug|Any CPU
		{AD2328DA-078F-44B8-8B24-BEA793774204}.Debug|Any CPU.Build.0 = Debug|Any CPU
		{AD2328DA-078F-44B8-8B24-BEA793774204}.Release|Any CPU.ActiveCfg = Release|Any CPU
		{AD2328DA-078F-44B8-8B24-BEA793774204}.Release|Any CPU.Build.0 = Release|Any CPU
		{EA808514-0342-4405-85E1-9DC7F1C69BE9}.Debug|Any CPU.ActiveCfg = Debug|Any CPU
		{EA808514-0342-4405-85E1-9DC7F1C69BE9}.Debug|Any CPU.Build.0 = Debug|Any CPU
		{EA808514-0342-4405-85E1-9DC7F1C69BE9}.Release|Any CPU.ActiveCfg = Release|Any CPU
		{EA808514-0342-4405-85E1-9DC7F1C69BE9}.Release|Any CPU.Build.0 = Release|Any CPU
	EndGlobalSection
	GlobalSection(MonoDevelopProperties) = preSolution
		StartupItem = MyTasque\MyTasque.csproj
	EndGlobalSection
EndGlobal
